
Microsoft Visual Studio Solution File, Format Version 12.00
# Visual Studio Version 17
VisualStudioVersion = 17.2.32519.379
MinimumVisualStudioVersion = 10.0.40219.1
Project("{FAE04EC0-301F-11D3-BF4B-00C04F79EFBC}") = "Ejercicio2_Par_Impar", "Ejercicio2_Par_Impar\Ejercicio2_Par_Impar.csproj", "{58C13EE7-8C80-404D-BA6F-1427DFBA3E16}"
EndProject
Global
	GlobalSection(SolutionConfigurationPlatforms) = preSolution
		Debug|Any CPU = Debug|Any CPU
		Release|Any CPU = Release|Any CPU
	EndGlobalSection
	GlobalSection(ProjectConfigurationPlatforms) = postSolution
		{58C13EE7-8C80-404D-BA6F-1427DFBA3E16}.Debug|Any CPU.ActiveCfg = Debug|Any CPU
		{58C13EE7-8C80-404D-BA6F-1427DFBA3E16}.Debug|Any CPU.Build.0 = Debug|Any CPU
		{58C13EE7-8C80-404D-BA6F-1427DFBA3E16}.Release|Any CPU.ActiveCfg = Release|Any CPU
		{58C13EE7-8C80-404D-BA6F-1427DFBA3E16}.Release|Any CPU.Build.0 = Release|Any CPU
	EndGlobalSection
	GlobalSection(SolutionProperties) = preSolution
		HideSolutionNode = FALSE
	EndGlobalSection
	GlobalSection(ExtensibilityGlobals) = postSolution
		SolutionGuid = {13CC75F7-7AF6-487A-BE80-A5413B7726B4}
	EndGlobalSection
EndGlobal
