
Microsoft Visual Studio Solution File, Format Version 12.00
# Visual Studio Version 17
VisualStudioVersion = 17.2.32519.379
MinimumVisualStudioVersion = 10.0.40219.1
Project("{FAE04EC0-301F-11D3-BF4B-00C04F79EFBC}") = "Ejercicio 1", "Ejercicio 1\Ejercicio 1.csproj", "{5DF47007-709B-45BF-9736-45F5F749342E}"
EndProject
Global
	GlobalSection(SolutionConfigurationPlatforms) = preSolution
		Debug|Any CPU = Debug|Any CPU
		Release|Any CPU = Release|Any CPU
	EndGlobalSection
	GlobalSection(ProjectConfigurationPlatforms) = postSolution
		{5DF47007-709B-45BF-9736-45F5F749342E}.Debug|Any CPU.ActiveCfg = Debug|Any CPU
		{5DF47007-709B-45BF-9736-45F5F749342E}.Debug|Any CPU.Build.0 = Debug|Any CPU
		{5DF47007-709B-45BF-9736-45F5F749342E}.Release|Any CPU.ActiveCfg = Release|Any CPU
		{5DF47007-709B-45BF-9736-45F5F749342E}.Release|Any CPU.Build.0 = Release|Any CPU
	EndGlobalSection
	GlobalSection(SolutionProperties) = preSolution
		HideSolutionNode = FALSE
	EndGlobalSection
	GlobalSection(ExtensibilityGlobals) = postSolution
		SolutionGuid = {FADE6EA4-899C-4B49-85C4-08C0A07F1698}
	EndGlobalSection
EndGlobal
